
Microsoft Visual Studio Solution File, Format Version 12.00
# Visual Studio Version 16
VisualStudioVersion = 16.0.31402.337
MinimumVisualStudioVersion = 10.0.40219.1
Project("{FAE04EC0-301F-11D3-BF4B-00C04F79EFBC}") = "ModernUI", "ModernUI\ModernUI.csproj", "{9D390456-5822-4018-911E-6215BAF61788}"
EndProject
Global
	GlobalSection(SolutionConfigurationPlatforms) = preSolution
		Debug|Any CPU = Debug|Any CPU
		Release|Any CPU = Release|Any CPU
	EndGlobalSection
	GlobalSection(ProjectConfigurationPlatforms) = postSolution
		{9D390456-5822-4018-911E-6215BAF61788}.Debug|Any CPU.ActiveCfg = Debug|Any CPU
		{9D390456-5822-4018-911E-6215BAF61788}.Debug|Any CPU.Build.0 = Debug|Any CPU
		{9D390456-5822-4018-911E-6215BAF61788}.Release|Any CPU.ActiveCfg = Release|Any CPU
		{9D390456-5822-4018-911E-6215BAF61788}.Release|Any CPU.Build.0 = Release|Any CPU
	EndGlobalSection
	GlobalSection(SolutionProperties) = preSolution
		HideSolutionNode = FALSE
	EndGlobalSection
	GlobalSection(ExtensibilityGlobals) = postSolution
		SolutionGuid = {8EEDC7E8-D687-4CA8-BC43-28D58E03C4A4}
	EndGlobalSection
EndGlobal
